# This file is automatically @generated by Poetry 1.8.5 and should not be changed by hand.

[[package]]
name = "private-lib-example"
version = "0.1.0"
description = ""
optional = false
python-versions = ">=3.9,<4.0"
files = []
develop = false

[package.source]
type = "git"
url = "https://github.com/ladzaretti-testing/private-lib-example.git"
reference = "main"
resolved_reference = "c44131b30a1c454cd297cc86115eae57a8982148"

[metadata]
lock-version = "2.0"
python-versions = ">=3.9,<4.0"
content-hash = "790e021633af44252ee1572ccfac8d84dd140fbabde71bffceebae2e2ea30ca2"
